// !$*UTF8*$!
{
	archiveVersion = 1;
	classes = {
	};
	objectVersion = 51;
	objects = {

/* Begin PBXBuildFile section */
		056B2D73A68C2B95DA59722E /* Pods_casadocodigo.framework in Frameworks */ = {isa = PBXBuildFile; fileRef = 9E310B58BA3708400EF6DB12 /* Pods_casadocodigo.framework */; };
		39FD4A27F49B824CD4513439 /* Pods_casadocodigoTests.framework in Frameworks */ = {isa = PBXBuildFile; fileRef = 7A8553C8EDFFACD1469DF9CC /* Pods_casadocodigoTests.framework */; };
		50F633408CDD2AA96F8B21DD /* Pods_casadocodigo_casadocodigoUITests.framework in Frameworks */ = {isa = PBXBuildFile; fileRef = 7A7F1C48024E2D2363F9F9C2 /* Pods_casadocodigo_casadocodigoUITests.framework */; };
		5813145B2694C3D100F12E66 /* SafeAnchors+UIView.swift in Sources */ = {isa = PBXBuildFile; fileRef = 5813145A2694C3D100F12E66 /* SafeAnchors+UIView.swift */; };
		581314602694C4C300F12E66 /* ViewCode.swift in Sources */ = {isa = PBXBuildFile; fileRef = 5813145F2694C4C300F12E66 /* ViewCode.swift */; };
		5827D806262F8D1900D20B19 /* AuthorsHeaderView.swift in Sources */ = {isa = PBXBuildFile; fileRef = 5827D805262F8D1900D20B19 /* AuthorsHeaderView.swift */; };
		5827D80B262FBFC700D20B19 /* Shadow+UICollectionViewCell.swift in Sources */ = {isa = PBXBuildFile; fileRef = 5827D80A262FBFC700D20B19 /* Shadow+UICollectionViewCell.swift */; };
		5827D810262FDBD100D20B19 /* TagsHorizontalList.swift in Sources */ = {isa = PBXBuildFile; fileRef = 5827D80F262FDBD100D20B19 /* TagsHorizontalList.swift */; };
		5827D81D262FE16500D20B19 /* TagsHorizontalList.xib in Resources */ = {isa = PBXBuildFile; fileRef = 5827D81C262FE16500D20B19 /* TagsHorizontalList.xib */; };
		5827D829262FE6A300D20B19 /* TagCell.swift in Sources */ = {isa = PBXBuildFile; fileRef = 5827D828262FE6A300D20B19 /* TagCell.swift */; };
		5827D831262FE6C600D20B19 /* TagCell.xib in Resources */ = {isa = PBXBuildFile; fileRef = 5827D830262FE6C600D20B19 /* TagCell.xib */; };
		582A05E92677F12700114506 /* NavigationBarButtonItems.swift in Sources */ = {isa = PBXBuildFile; fileRef = 582A05E82677F12700114506 /* NavigationBarButtonItems.swift */; };
		582AD395262F55B300705D6D /* AuthorCell.swift in Sources */ = {isa = PBXBuildFile; fileRef = 582AD394262F55B300705D6D /* AuthorCell.swift */; };
		582AD3AD262F6F0800705D6D /* SectionTitle.swift in Sources */ = {isa = PBXBuildFile; fileRef = 582AD3AB262F6F0800705D6D /* SectionTitle.swift */; };
		582CC765265825DB0033F333 /* CustomNavigationController.swift in Sources */ = {isa = PBXBuildFile; fileRef = 582CC764265825DB0033F333 /* CustomNavigationController.swift */; };
		582CC771265BEFF40033F333 /* Theme.swift in Sources */ = {isa = PBXBuildFile; fileRef = 582CC770265BEFF40033F333 /* Theme.swift */; };
		582CC80B266816B00033F333 /* SignInViewController.swift in Sources */ = {isa = PBXBuildFile; fileRef = 582CC80A266816B00033F333 /* SignInViewController.swift */; };
		582CC81C26683CD50033F333 /* UserAuthenticationRepository.swift in Sources */ = {isa = PBXBuildFile; fileRef = 582CC81B26683CD50033F333 /* UserAuthenticationRepository.swift */; };
		582CC82726683D810033F333 /* UserAuthentication.swift in Sources */ = {isa = PBXBuildFile; fileRef = 582CC82626683D810033F333 /* UserAuthentication.swift */; };
		582CC831266849BA0033F333 /* Authentication.swift in Sources */ = {isa = PBXBuildFile; fileRef = 582CC830266849BA0033F333 /* Authentication.swift */; };
		582D872D2685496500D70C3E /* KeyboardAvoidableView.swift in Sources */ = {isa = PBXBuildFile; fileRef = 582D872C2685496500D70C3E /* KeyboardAvoidableView.swift */; };
		582F980D2627D20200354D65 /* BookRepository.swift in Sources */ = {isa = PBXBuildFile; fileRef = 582F980C2627D20200354D65 /* BookRepository.swift */; };
		582F98142628A40300354D65 /* Book.swift in Sources */ = {isa = PBXBuildFile; fileRef = 582F98132628A40300354D65 /* Book.swift */; };
		582F981A2628AA2100354D65 /* ShowcaseBookCell.swift in Sources */ = {isa = PBXBuildFile; fileRef = 582F98192628AA2100354D65 /* ShowcaseBookCell.swift */; };
		582F982A2628FFAF00354D65 /* ShowcaseHeaderView.swift in Sources */ = {isa = PBXBuildFile; fileRef = 582F98292628FFAE00354D65 /* ShowcaseHeaderView.swift */; };
		582F98472629DBA900354D65 /* ShowcaseFlowLayout.swift in Sources */ = {isa = PBXBuildFile; fileRef = 582F98462629DBA900354D65 /* ShowcaseFlowLayout.swift */; };
		582F984D262A0A7600354D65 /* ActivityIndicatorView.swift in Sources */ = {isa = PBXBuildFile; fileRef = 582F984C262A0A7500354D65 /* ActivityIndicatorView.swift */; };
		582F9852262A144B00354D65 /* Alert.swift in Sources */ = {isa = PBXBuildFile; fileRef = 582F9851262A144B00354D65 /* Alert.swift */; };
		582F9861262DD83000354D65 /* AuthorRepository.swift in Sources */ = {isa = PBXBuildFile; fileRef = 582F9860262DD83000354D65 /* AuthorRepository.swift */; };
		582F9869262DDD5600354D65 /* Author.swift in Sources */ = {isa = PBXBuildFile; fileRef = 582F9868262DDD5600354D65 /* Author.swift */; };
		585D72E92643073200666078 /* Decimal.swift in Sources */ = {isa = PBXBuildFile; fileRef = 585D72E82643073100666078 /* Decimal.swift */; };
		585D72F226432FD300666078 /* BookFormViewController.swift in Sources */ = {isa = PBXBuildFile; fileRef = 585D72F126432FD300666078 /* BookFormViewController.swift */; };
		585D7302264345B200666078 /* Border+UITextView.swift in Sources */ = {isa = PBXBuildFile; fileRef = 585D7301264345B200666078 /* Border+UITextView.swift */; };
		585D73312649997D00666078 /* Date.swift in Sources */ = {isa = PBXBuildFile; fileRef = 585D73302649997B00666078 /* Date.swift */; };
		5891F817267B8CF3004F5D2C /* BaseNavbarItemsViewController.swift in Sources */ = {isa = PBXBuildFile; fileRef = 5891F816267B8CF3004F5D2C /* BaseNavbarItemsViewController.swift */; };
		589C5BBA2621363300CE3B93 /* AuthorsViewController.swift in Sources */ = {isa = PBXBuildFile; fileRef = 589C5BB92621363300CE3B93 /* AuthorsViewController.swift */; };
		58B1B3E3264192BD00DFA789 /* BookDetailsViewController.swift in Sources */ = {isa = PBXBuildFile; fileRef = 58B1B3E2264192BD00DFA789 /* BookDetailsViewController.swift */; };
		58BF69022621070300A8CEBD /* AppDelegate.swift in Sources */ = {isa = PBXBuildFile; fileRef = 58BF69012621070300A8CEBD /* AppDelegate.swift */; };
		58BF69042621070300A8CEBD /* SceneDelegate.swift in Sources */ = {isa = PBXBuildFile; fileRef = 58BF69032621070300A8CEBD /* SceneDelegate.swift */; };
		58BF69062621070300A8CEBD /* HomeViewController.swift in Sources */ = {isa = PBXBuildFile; fileRef = 58BF69052621070300A8CEBD /* HomeViewController.swift */; };
		58BF69092621070300A8CEBD /* Main.storyboard in Resources */ = {isa = PBXBuildFile; fileRef = 58BF69072621070300A8CEBD /* Main.storyboard */; };
		58BF690B2621070500A8CEBD /* Assets.xcassets in Resources */ = {isa = PBXBuildFile; fileRef = 58BF690A2621070500A8CEBD /* Assets.xcassets */; };
		58BF690E2621070500A8CEBD /* LaunchScreen.storyboard in Resources */ = {isa = PBXBuildFile; fileRef = 58BF690C2621070500A8CEBD /* LaunchScreen.storyboard */; };
		58BF69192621070500A8CEBD /* casadocodigoTests.swift in Sources */ = {isa = PBXBuildFile; fileRef = 58BF69182621070500A8CEBD /* casadocodigoTests.swift */; };
		58BF69242621070500A8CEBD /* casadocodigoUITests.swift in Sources */ = {isa = PBXBuildFile; fileRef = 58BF69232621070500A8CEBD /* casadocodigoUITests.swift */; };
		58C0BED826684C8400FB0D19 /* User.swift in Sources */ = {isa = PBXBuildFile; fileRef = 58C0BED726684C8400FB0D19 /* User.swift */; };
		58C0BEF02669309100FB0D19 /* AuthorizedViewController.swift in Sources */ = {isa = PBXBuildFile; fileRef = 58C0BEEF2669309100FB0D19 /* AuthorizedViewController.swift */; };
		58C0BEFF266AC76100FB0D19 /* Authorization+UIView.swift in Sources */ = {isa = PBXBuildFile; fileRef = 58C0BEFE266AC76100FB0D19 /* Authorization+UIView.swift */; };
		58CB4562263A43C8005D19F2 /* ConfirmationDialog.swift in Sources */ = {isa = PBXBuildFile; fileRef = 58CB4561263A43C8005D19F2 /* ConfirmationDialog.swift */; };
		58CB457D263B612E005D19F2 /* Ids+UIView.swift in Sources */ = {isa = PBXBuildFile; fileRef = 58CB457C263B612D005D19F2 /* Ids+UIView.swift */; };
		58FA532C26334E44000390BF /* AuthorFormViewController.swift in Sources */ = {isa = PBXBuildFile; fileRef = 58FA532B26334E44000390BF /* AuthorFormViewController.swift */; };
		58FA533C263772D1000390BF /* Shape+UIView.swift in Sources */ = {isa = PBXBuildFile; fileRef = 58FA533B263772D1000390BF /* Shape+UIView.swift */; };
		58FAB463268F6150002F734B /* SearchFooter.swift in Sources */ = {isa = PBXBuildFile; fileRef = 58FAB462268F6150002F734B /* SearchFooter.swift */; };
/* End PBXBuildFile section */

/* Begin PBXContainerItemProxy section */
		58BF69152621070500A8CEBD /* PBXContainerItemProxy */ = {
			isa = PBXContainerItemProxy;
			containerPortal = 58BF68F62621070300A8CEBD /* Project object */;
			proxyType = 1;
			remoteGlobalIDString = 58BF68FD2621070300A8CEBD;
			remoteInfo = casadocodigo;
		};
		58BF69202621070500A8CEBD /* PBXContainerItemProxy */ = {
			isa = PBXContainerItemProxy;
			containerPortal = 58BF68F62621070300A8CEBD /* Project object */;
			proxyType = 1;
			remoteGlobalIDString = 58BF68FD2621070300A8CEBD;
			remoteInfo = casadocodigo;
		};
/* End PBXContainerItemProxy section */

/* Begin PBXFileReference section */
		526025A48484750F3D26EDDD /* Pods-casadocodigo-casadocodigoUITests.debug.xcconfig */ = {isa = PBXFileReference; includeInIndex = 1; lastKnownFileType = text.xcconfig; name = "Pods-casadocodigo-casadocodigoUITests.debug.xcconfig"; path = "Target Support Files/Pods-casadocodigo-casadocodigoUITests/Pods-casadocodigo-casadocodigoUITests.debug.xcconfig"; sourceTree = "<group>"; };
		5813145A2694C3D100F12E66 /* SafeAnchors+UIView.swift */ = {isa = PBXFileReference; lastKnownFileType = sourcecode.swift; path = "SafeAnchors+UIView.swift"; sourceTree = "<group>"; };
		5813145F2694C4C300F12E66 /* ViewCode.swift */ = {isa = PBXFileReference; lastKnownFileType = sourcecode.swift; path = ViewCode.swift; sourceTree = "<group>"; };
		5827D805262F8D1900D20B19 /* AuthorsHeaderView.swift */ = {isa = PBXFileReference; lastKnownFileType = sourcecode.swift; path = AuthorsHeaderView.swift; sourceTree = "<group>"; };
		5827D80A262FBFC700D20B19 /* Shadow+UICollectionViewCell.swift */ = {isa = PBXFileReference; lastKnownFileType = sourcecode.swift; path = "Shadow+UICollectionViewCell.swift"; sourceTree = "<group>"; };
		5827D80F262FDBD100D20B19 /* TagsHorizontalList.swift */ = {isa = PBXFileReference; lastKnownFileType = sourcecode.swift; path = TagsHorizontalList.swift; sourceTree = "<group>"; };
		5827D81C262FE16500D20B19 /* TagsHorizontalList.xib */ = {isa = PBXFileReference; lastKnownFileType = file.xib; path = TagsHorizontalList.xib; sourceTree = "<group>"; };
		5827D828262FE6A300D20B19 /* TagCell.swift */ = {isa = PBXFileReference; lastKnownFileType = sourcecode.swift; path = TagCell.swift; sourceTree = "<group>"; };
		5827D830262FE6C600D20B19 /* TagCell.xib */ = {isa = PBXFileReference; lastKnownFileType = file.xib; path = TagCell.xib; sourceTree = "<group>"; };
		582A05E82677F12700114506 /* NavigationBarButtonItems.swift */ = {isa = PBXFileReference; lastKnownFileType = sourcecode.swift; path = NavigationBarButtonItems.swift; sourceTree = "<group>"; };
		582AD394262F55B300705D6D /* AuthorCell.swift */ = {isa = PBXFileReference; lastKnownFileType = sourcecode.swift; path = AuthorCell.swift; sourceTree = "<group>"; };
		582AD3AB262F6F0800705D6D /* SectionTitle.swift */ = {isa = PBXFileReference; fileEncoding = 4; lastKnownFileType = sourcecode.swift; path = SectionTitle.swift; sourceTree = "<group>"; };
		582CC764265825DB0033F333 /* CustomNavigationController.swift */ = {isa = PBXFileReference; lastKnownFileType = sourcecode.swift; path = CustomNavigationController.swift; sourceTree = "<group>"; };
		582CC770265BEFF40033F333 /* Theme.swift */ = {isa = PBXFileReference; lastKnownFileType = sourcecode.swift; path = Theme.swift; sourceTree = "<group>"; };
		582CC80A266816B00033F333 /* SignInViewController.swift */ = {isa = PBXFileReference; lastKnownFileType = sourcecode.swift; path = SignInViewController.swift; sourceTree = "<group>"; };
		582CC81B26683CD50033F333 /* UserAuthenticationRepository.swift */ = {isa = PBXFileReference; lastKnownFileType = sourcecode.swift; path = UserAuthenticationRepository.swift; sourceTree = "<group>"; };
		582CC82626683D810033F333 /* UserAuthentication.swift */ = {isa = PBXFileReference; lastKnownFileType = sourcecode.swift; path = UserAuthentication.swift; sourceTree = "<group>"; };
		582CC830266849BA0033F333 /* Authentication.swift */ = {isa = PBXFileReference; lastKnownFileType = sourcecode.swift; path = Authentication.swift; sourceTree = "<group>"; };
		582D872C2685496500D70C3E /* KeyboardAvoidableView.swift */ = {isa = PBXFileReference; lastKnownFileType = sourcecode.swift; path = KeyboardAvoidableView.swift; sourceTree = "<group>"; };
		582F980C2627D20200354D65 /* BookRepository.swift */ = {isa = PBXFileReference; lastKnownFileType = sourcecode.swift; path = BookRepository.swift; sourceTree = "<group>"; };
		582F98132628A40300354D65 /* Book.swift */ = {isa = PBXFileReference; lastKnownFileType = sourcecode.swift; path = Book.swift; sourceTree = "<group>"; };
		582F98192628AA2100354D65 /* ShowcaseBookCell.swift */ = {isa = PBXFileReference; lastKnownFileType = sourcecode.swift; path = ShowcaseBookCell.swift; sourceTree = "<group>"; };
		582F98292628FFAE00354D65 /* ShowcaseHeaderView.swift */ = {isa = PBXFileReference; lastKnownFileType = sourcecode.swift; path = ShowcaseHeaderView.swift; sourceTree = "<group>"; };
		582F98462629DBA900354D65 /* ShowcaseFlowLayout.swift */ = {isa = PBXFileReference; lastKnownFileType = sourcecode.swift; path = ShowcaseFlowLayout.swift; sourceTree = "<group>"; };
		582F984C262A0A7500354D65 /* ActivityIndicatorView.swift */ = {isa = PBXFileReference; lastKnownFileType = sourcecode.swift; path = ActivityIndicatorView.swift; sourceTree = "<group>"; };
		582F9851262A144B00354D65 /* Alert.swift */ = {isa = PBXFileReference; lastKnownFileType = sourcecode.swift; path = Alert.swift; sourceTree = "<group>"; };
		582F9860262DD83000354D65 /* AuthorRepository.swift */ = {isa = PBXFileReference; lastKnownFileType = sourcecode.swift; path = AuthorRepository.swift; sourceTree = "<group>"; };
		582F9868262DDD5600354D65 /* Author.swift */ = {isa = PBXFileReference; lastKnownFileType = sourcecode.swift; path = Author.swift; sourceTree = "<group>"; };
		585D72E82643073100666078 /* Decimal.swift */ = {isa = PBXFileReference; lastKnownFileType = sourcecode.swift; path = Decimal.swift; sourceTree = "<group>"; };
		585D72F126432FD300666078 /* BookFormViewController.swift */ = {isa = PBXFileReference; lastKnownFileType = sourcecode.swift; path = BookFormViewController.swift; sourceTree = "<group>"; };
		585D7301264345B200666078 /* Border+UITextView.swift */ = {isa = PBXFileReference; lastKnownFileType = sourcecode.swift; path = "Border+UITextView.swift"; sourceTree = "<group>"; };
		585D73302649997B00666078 /* Date.swift */ = {isa = PBXFileReference; lastKnownFileType = sourcecode.swift; path = Date.swift; sourceTree = "<group>"; };
		5891F816267B8CF3004F5D2C /* BaseNavbarItemsViewController.swift */ = {isa = PBXFileReference; lastKnownFileType = sourcecode.swift; path = BaseNavbarItemsViewController.swift; sourceTree = "<group>"; };
		589C5BB92621363300CE3B93 /* AuthorsViewController.swift */ = {isa = PBXFileReference; lastKnownFileType = sourcecode.swift; path = AuthorsViewController.swift; sourceTree = "<group>"; };
		58B1B3E2264192BD00DFA789 /* BookDetailsViewController.swift */ = {isa = PBXFileReference; lastKnownFileType = sourcecode.swift; path = BookDetailsViewController.swift; sourceTree = "<group>"; };
		58BF68FE2621070300A8CEBD /* casadocodigo.app */ = {isa = PBXFileReference; explicitFileType = wrapper.application; includeInIndex = 0; path = casadocodigo.app; sourceTree = BUILT_PRODUCTS_DIR; };
		58BF69012621070300A8CEBD /* AppDelegate.swift */ = {isa = PBXFileReference; lastKnownFileType = sourcecode.swift; path = AppDelegate.swift; sourceTree = "<group>"; };
		58BF69032621070300A8CEBD /* SceneDelegate.swift */ = {isa = PBXFileReference; lastKnownFileType = sourcecode.swift; path = SceneDelegate.swift; sourceTree = "<group>"; };
		58BF69052621070300A8CEBD /* HomeViewController.swift */ = {isa = PBXFileReference; lastKnownFileType = sourcecode.swift; path = HomeViewController.swift; sourceTree = "<group>"; };
		58BF69082621070300A8CEBD /* Base */ = {isa = PBXFileReference; lastKnownFileType = file.storyboard; name = Base; path = Base.lproj/Main.storyboard; sourceTree = "<group>"; };
		58BF690A2621070500A8CEBD /* Assets.xcassets */ = {isa = PBXFileReference; lastKnownFileType = folder.assetcatalog; path = Assets.xcassets; sourceTree = "<group>"; };
		58BF690D2621070500A8CEBD /* Base */ = {isa = PBXFileReference; lastKnownFileType = file.storyboard; name = Base; path = Base.lproj/LaunchScreen.storyboard; sourceTree = "<group>"; };
		58BF690F2621070500A8CEBD /* Info.plist */ = {isa = PBXFileReference; lastKnownFileType = text.plist.xml; path = Info.plist; sourceTree = "<group>"; };
		58BF69142621070500A8CEBD /* casadocodigoTests.xctest */ = {isa = PBXFileReference; explicitFileType = wrapper.cfbundle; includeInIndex = 0; path = casadocodigoTests.xctest; sourceTree = BUILT_PRODUCTS_DIR; };
		58BF69182621070500A8CEBD /* casadocodigoTests.swift */ = {isa = PBXFileReference; lastKnownFileType = sourcecode.swift; path = casadocodigoTests.swift; sourceTree = "<group>"; };
		58BF691A2621070500A8CEBD /* Info.plist */ = {isa = PBXFileReference; lastKnownFileType = text.plist.xml; path = Info.plist; sourceTree = "<group>"; };
		58BF691F2621070500A8CEBD /* casadocodigoUITests.xctest */ = {isa = PBXFileReference; explicitFileType = wrapper.cfbundle; includeInIndex = 0; path = casadocodigoUITests.xctest; sourceTree = BUILT_PRODUCTS_DIR; };
		58BF69232621070500A8CEBD /* casadocodigoUITests.swift */ = {isa = PBXFileReference; lastKnownFileType = sourcecode.swift; path = casadocodigoUITests.swift; sourceTree = "<group>"; };
		58BF69252621070500A8CEBD /* Info.plist */ = {isa = PBXFileReference; lastKnownFileType = text.plist.xml; path = Info.plist; sourceTree = "<group>"; };
		58C0BED726684C8400FB0D19 /* User.swift */ = {isa = PBXFileReference; lastKnownFileType = sourcecode.swift; path = User.swift; sourceTree = "<group>"; };
		58C0BEEF2669309100FB0D19 /* AuthorizedViewController.swift */ = {isa = PBXFileReference; lastKnownFileType = sourcecode.swift; path = AuthorizedViewController.swift; sourceTree = "<group>"; };
		58C0BEFE266AC76100FB0D19 /* Authorization+UIView.swift */ = {isa = PBXFileReference; lastKnownFileType = sourcecode.swift; path = "Authorization+UIView.swift"; sourceTree = "<group>"; };
		58CB4561263A43C8005D19F2 /* ConfirmationDialog.swift */ = {isa = PBXFileReference; lastKnownFileType = sourcecode.swift; path = ConfirmationDialog.swift; sourceTree = "<group>"; };
		58CB457C263B612D005D19F2 /* Ids+UIView.swift */ = {isa = PBXFileReference; lastKnownFileType = sourcecode.swift; path = "Ids+UIView.swift"; sourceTree = "<group>"; };
		58FA532B26334E44000390BF /* AuthorFormViewController.swift */ = {isa = PBXFileReference; lastKnownFileType = sourcecode.swift; path = AuthorFormViewController.swift; sourceTree = "<group>"; };
		58FA533B263772D1000390BF /* Shape+UIView.swift */ = {isa = PBXFileReference; lastKnownFileType = sourcecode.swift; path = "Shape+UIView.swift"; sourceTree = "<group>"; };
		58FAB462268F6150002F734B /* SearchFooter.swift */ = {isa = PBXFileReference; lastKnownFileType = sourcecode.swift; path = SearchFooter.swift; sourceTree = "<group>"; };
		7A66D89A8354D0697252F58D /* Pods-casadocodigo.debug.xcconfig */ = {isa = PBXFileReference; includeInIndex = 1; lastKnownFileType = text.xcconfig; name = "Pods-casadocodigo.debug.xcconfig"; path = "Target Support Files/Pods-casadocodigo/Pods-casadocodigo.debug.xcconfig"; sourceTree = "<group>"; };
		7A7F1C48024E2D2363F9F9C2 /* Pods_casadocodigo_casadocodigoUITests.framework */ = {isa = PBXFileReference; explicitFileType = wrapper.framework; includeInIndex = 0; path = Pods_casadocodigo_casadocodigoUITests.framework; sourceTree = BUILT_PRODUCTS_DIR; };
		7A8553C8EDFFACD1469DF9CC /* Pods_casadocodigoTests.framework */ = {isa = PBXFileReference; explicitFileType = wrapper.framework; includeInIndex = 0; path = Pods_casadocodigoTests.framework; sourceTree = BUILT_PRODUCTS_DIR; };
		9E310B58BA3708400EF6DB12 /* Pods_casadocodigo.framework */ = {isa = PBXFileReference; explicitFileType = wrapper.framework; includeInIndex = 0; path = Pods_casadocodigo.framework; sourceTree = BUILT_PRODUCTS_DIR; };
		BE5E43B8B2974DC1DB4080E8 /* Pods-casadocodigo.release.xcconfig */ = {isa = PBXFileReference; includeInIndex = 1; lastKnownFileType = text.xcconfig; name = "Pods-casadocodigo.release.xcconfig"; path = "Target Support Files/Pods-casadocodigo/Pods-casadocodigo.release.xcconfig"; sourceTree = "<group>"; };
		C4ADF5201D84106B71178689 /* Pods-casadocodigo-casadocodigoUITests.release.xcconfig */ = {isa = PBXFileReference; includeInIndex = 1; lastKnownFileType = text.xcconfig; name = "Pods-casadocodigo-casadocodigoUITests.release.xcconfig"; path = "Target Support Files/Pods-casadocodigo-casadocodigoUITests/Pods-casadocodigo-casadocodigoUITests.release.xcconfig"; sourceTree = "<group>"; };
		DCD4475460E446CBF3533373 /* Pods-casadocodigoTests.debug.xcconfig */ = {isa = PBXFileReference; includeInIndex = 1; lastKnownFileType = text.xcconfig; name = "Pods-casadocodigoTests.debug.xcconfig"; path = "Target Support Files/Pods-casadocodigoTests/Pods-casadocodigoTests.debug.xcconfig"; sourceTree = "<group>"; };
		F9129EBD87EB0CC74E09E68C /* Pods-casadocodigoTests.release.xcconfig */ = {isa = PBXFileReference; includeInIndex = 1; lastKnownFileType = text.xcconfig; name = "Pods-casadocodigoTests.release.xcconfig"; path = "Target Support Files/Pods-casadocodigoTests/Pods-casadocodigoTests.release.xcconfig"; sourceTree = "<group>"; };
/* End PBXFileReference section */

/* Begin PBXFrameworksBuildPhase section */
		58BF68FB2621070300A8CEBD /* Frameworks */ = {
			isa = PBXFrameworksBuildPhase;
			buildActionMask = 2147483647;
			files = (
				056B2D73A68C2B95DA59722E /* Pods_casadocodigo.framework in Frameworks */,
			);
			runOnlyForDeploymentPostprocessing = 0;
		};
		58BF69112621070500A8CEBD /* Frameworks */ = {
			isa = PBXFrameworksBuildPhase;
			buildActionMask = 2147483647;
			files = (
				39FD4A27F49B824CD4513439 /* Pods_casadocodigoTests.framework in Frameworks */,
			);
			runOnlyForDeploymentPostprocessing = 0;
		};
		58BF691C2621070500A8CEBD /* Frameworks */ = {
			isa = PBXFrameworksBuildPhase;
			buildActionMask = 2147483647;
			files = (
				50F633408CDD2AA96F8B21DD /* Pods_casadocodigo_casadocodigoUITests.framework in Frameworks */,
			);
			runOnlyForDeploymentPostprocessing = 0;
		};
/* End PBXFrameworksBuildPhase section */

/* Begin PBXGroup section */
		5813145E2694C4AE00F12E66 /* Protocols */ = {
			isa = PBXGroup;
			children = (
				5813145F2694C4C300F12E66 /* ViewCode.swift */,
			);
			path = Protocols;
			sourceTree = "<group>";
		};
		5827D827262FE63100D20B19 /* TagsHorizontalList */ = {
			isa = PBXGroup;
			children = (
				5827D80F262FDBD100D20B19 /* TagsHorizontalList.swift */,
				5827D81C262FE16500D20B19 /* TagsHorizontalList.xib */,
				5827D828262FE6A300D20B19 /* TagCell.swift */,
				5827D830262FE6C600D20B19 /* TagCell.xib */,
			);
			path = TagsHorizontalList;
			sourceTree = "<group>";
		};
		582AD393262F559C00705D6D /* View */ = {
			isa = PBXGroup;
			children = (
				582AD394262F55B300705D6D /* AuthorCell.swift */,
				5827D805262F8D1900D20B19 /* AuthorsHeaderView.swift */,
			);
			path = View;
			sourceTree = "<group>";
		};
		582CC809266816860033F333 /* SignInScene */ = {
			isa = PBXGroup;
			children = (
				582CC80A266816B00033F333 /* SignInViewController.swift */,
			);
			path = SignInScene;
			sourceTree = "<group>";
		};
		582CC81A26683CAD0033F333 /* Users */ = {
			isa = PBXGroup;
			children = (
				582CC81B26683CD50033F333 /* UserAuthenticationRepository.swift */,
				582CC82626683D810033F333 /* UserAuthentication.swift */,
				58C0BED726684C8400FB0D19 /* User.swift */,
			);
			path = Users;
			sourceTree = "<group>";
		};
		582F98022627D1A700354D65 /* Domain */ = {
			isa = PBXGroup;
			children = (
				582CC81A26683CAD0033F333 /* Users */,
				582F985F262DD80E00354D65 /* Authors */,
				582F98032627D1BD00354D65 /* Books */,
			);
			path = Domain;
			sourceTree = "<group>";
		};
		582F98032627D1BD00354D65 /* Books */ = {
			isa = PBXGroup;
			children = (
				582F980C2627D20200354D65 /* BookRepository.swift */,
			);
			path = Books;
			sourceTree = "<group>";
		};
		582F98112628A3D400354D65 /* Infrastructure */ = {
			isa = PBXGroup;
			children = (
				58C0BEFD266AC74900FB0D19 /* Security */,
				585D72E72643071300666078 /* CoreExtensions */,
				582F98122628A3E200354D65 /* Networking */,
			);
			path = Infrastructure;
			sourceTree = "<group>";
		};
		582F98122628A3E200354D65 /* Networking */ = {
			isa = PBXGroup;
			children = (
				582F98132628A40300354D65 /* Book.swift */,
				582F9868262DDD5600354D65 /* Author.swift */,
				582CC830266849BA0033F333 /* Authentication.swift */,
			);
			path = Networking;
			sourceTree = "<group>";
		};
		582F98182628A9F900354D65 /* View */ = {
			isa = PBXGroup;
			children = (
				582F98192628AA2100354D65 /* ShowcaseBookCell.swift */,
				582F98292628FFAE00354D65 /* ShowcaseHeaderView.swift */,
				582F98462629DBA900354D65 /* ShowcaseFlowLayout.swift */,
			);
			path = View;
			sourceTree = "<group>";
		};
		582F984B262A0A5300354D65 /* Extensions */ = {
			isa = PBXGroup;
			children = (
				58CB457C263B612D005D19F2 /* Ids+UIView.swift */,
				5813145A2694C3D100F12E66 /* SafeAnchors+UIView.swift */,
				58FA533B263772D1000390BF /* Shape+UIView.swift */,
				585D7301264345B200666078 /* Border+UITextView.swift */,
				5827D80A262FBFC700D20B19 /* Shadow+UICollectionViewCell.swift */,
			);
			path = Extensions;
			sourceTree = "<group>";
		};
		582F985F262DD80E00354D65 /* Authors */ = {
			isa = PBXGroup;
			children = (
				582F9860262DD83000354D65 /* AuthorRepository.swift */,
			);
			path = Authors;
			sourceTree = "<group>";
		};
		585D72E72643071300666078 /* CoreExtensions */ = {
			isa = PBXGroup;
			children = (
				585D72E82643073100666078 /* Decimal.swift */,
				585D73302649997B00666078 /* Date.swift */,
			);
			path = CoreExtensions;
			sourceTree = "<group>";
		};
		585D72F026432FB700666078 /* BookFormScene */ = {
			isa = PBXGroup;
			children = (
				585D72F126432FD300666078 /* BookFormViewController.swift */,
			);
			path = BookFormScene;
			sourceTree = "<group>";
		};
		589C5BB82621361100CE3B93 /* AuthorsScene */ = {
			isa = PBXGroup;
			children = (
				582AD393262F559C00705D6D /* View */,
				589C5BB92621363300CE3B93 /* AuthorsViewController.swift */,
			);
			path = AuthorsScene;
			sourceTree = "<group>";
		};
		58B1B3E12641929700DFA789 /* BookDetailsScene */ = {
			isa = PBXGroup;
			children = (
				58B1B3E2264192BD00DFA789 /* BookDetailsViewController.swift */,
			);
			path = BookDetailsScene;
			sourceTree = "<group>";
		};
		58BF68F52621070300A8CEBD = {
			isa = PBXGroup;
			children = (
				58BF69002621070300A8CEBD /* casadocodigo */,
				58BF69172621070500A8CEBD /* casadocodigoTests */,
				58BF69222621070500A8CEBD /* casadocodigoUITests */,
				58BF68FF2621070300A8CEBD /* Products */,
				CF9A67A50484B6080FA3C8DF /* Pods */,
				7E19E050CD273A9B6A71E7F3 /* Frameworks */,
			);
			sourceTree = "<group>";
		};
		58BF68FF2621070300A8CEBD /* Products */ = {
			isa = PBXGroup;
			children = (
				58BF68FE2621070300A8CEBD /* casadocodigo.app */,
				58BF69142621070500A8CEBD /* casadocodigoTests.xctest */,
				58BF691F2621070500A8CEBD /* casadocodigoUITests.xctest */,
			);
			name = Products;
			sourceTree = "<group>";
		};
		58BF69002621070300A8CEBD /* casadocodigo */ = {
			isa = PBXGroup;
			children = (
				58BF69012621070300A8CEBD /* AppDelegate.swift */,
				58BF69032621070300A8CEBD /* SceneDelegate.swift */,
				58BF6934262109E300A8CEBD /* Interface */,
				58BF693526210A0E00A8CEBD /* Application */,
				582F98022627D1A700354D65 /* Domain */,
				582F98112628A3D400354D65 /* Infrastructure */,
				58BF690A2621070500A8CEBD /* Assets.xcassets */,
				58BF690F2621070500A8CEBD /* Info.plist */,
			);
			path = casadocodigo;
			sourceTree = "<group>";
		};
		58BF69172621070500A8CEBD /* casadocodigoTests */ = {
			isa = PBXGroup;
			children = (
				58BF69182621070500A8CEBD /* casadocodigoTests.swift */,
				58BF691A2621070500A8CEBD /* Info.plist */,
			);
			path = casadocodigoTests;
			sourceTree = "<group>";
		};
		58BF69222621070500A8CEBD /* casadocodigoUITests */ = {
			isa = PBXGroup;
			children = (
				58BF69232621070500A8CEBD /* casadocodigoUITests.swift */,
				58BF69252621070500A8CEBD /* Info.plist */,
			);
			path = casadocodigoUITests;
			sourceTree = "<group>";
		};
		58BF6934262109E300A8CEBD /* Interface */ = {
			isa = PBXGroup;
			children = (
				582CC770265BEFF40033F333 /* Theme.swift */,
				58BF693D262114B700A8CEBD /* Components */,
				58CB457B263B610C005D19F2 /* Helpers */,
				582F984B262A0A5300354D65 /* Extensions */,
				5813145E2694C4AE00F12E66 /* Protocols */,
				58BF69072621070300A8CEBD /* Main.storyboard */,
				58BF690C2621070500A8CEBD /* LaunchScreen.storyboard */,
			);
			path = Interface;
			sourceTree = "<group>";
		};
		58BF693526210A0E00A8CEBD /* Application */ = {
			isa = PBXGroup;
			children = (
				582CC764265825DB0033F333 /* CustomNavigationController.swift */,
				5891F816267B8CF3004F5D2C /* BaseNavbarItemsViewController.swift */,
				58BF693926210A5B00A8CEBD /* HomeScene */,
				58B1B3E12641929700DFA789 /* BookDetailsScene */,
				585D72F026432FB700666078 /* BookFormScene */,
				589C5BB82621361100CE3B93 /* AuthorsScene */,
				58FA532A26334E00000390BF /* AuthorFormScene */,
				582CC809266816860033F333 /* SignInScene */,
			);
			path = Application;
			sourceTree = "<group>";
		};
		58BF693926210A5B00A8CEBD /* HomeScene */ = {
			isa = PBXGroup;
			children = (
				582F98182628A9F900354D65 /* View */,
				58BF69052621070300A8CEBD /* HomeViewController.swift */,
			);
			path = HomeScene;
			sourceTree = "<group>";
		};
		58BF693D262114B700A8CEBD /* Components */ = {
			isa = PBXGroup;
			children = (
				582D872C2685496500D70C3E /* KeyboardAvoidableView.swift */,
				58FAB462268F6150002F734B /* SearchFooter.swift */,
				582AD3AB262F6F0800705D6D /* SectionTitle.swift */,
				5827D827262FE63100D20B19 /* TagsHorizontalList */,
			);
			path = Components;
			sourceTree = "<group>";
		};
		58C0BEFD266AC74900FB0D19 /* Security */ = {
			isa = PBXGroup;
			children = (
				58C0BEEF2669309100FB0D19 /* AuthorizedViewController.swift */,
				58C0BEFE266AC76100FB0D19 /* Authorization+UIView.swift */,
			);
			path = Security;
			sourceTree = "<group>";
		};
		58CB457B263B610C005D19F2 /* Helpers */ = {
			isa = PBXGroup;
			children = (
				582F9851262A144B00354D65 /* Alert.swift */,
				58CB4561263A43C8005D19F2 /* ConfirmationDialog.swift */,
				582F984C262A0A7500354D65 /* ActivityIndicatorView.swift */,
				582A05E82677F12700114506 /* NavigationBarButtonItems.swift */,
			);
			path = Helpers;
			sourceTree = "<group>";
		};
		58FA532A26334E00000390BF /* AuthorFormScene */ = {
			isa = PBXGroup;
			children = (
				58FA532B26334E44000390BF /* AuthorFormViewController.swift */,
			);
			path = AuthorFormScene;
			sourceTree = "<group>";
		};
		7E19E050CD273A9B6A71E7F3 /* Frameworks */ = {
			isa = PBXGroup;
			children = (
				9E310B58BA3708400EF6DB12 /* Pods_casadocodigo.framework */,
				7A7F1C48024E2D2363F9F9C2 /* Pods_casadocodigo_casadocodigoUITests.framework */,
				7A8553C8EDFFACD1469DF9CC /* Pods_casadocodigoTests.framework */,
			);
			name = Frameworks;
			sourceTree = "<group>";
		};
		CF9A67A50484B6080FA3C8DF /* Pods */ = {
			isa = PBXGroup;
			children = (
				7A66D89A8354D0697252F58D /* Pods-casadocodigo.debug.xcconfig */,
				BE5E43B8B2974DC1DB4080E8 /* Pods-casadocodigo.release.xcconfig */,
				526025A48484750F3D26EDDD /* Pods-casadocodigo-casadocodigoUITests.debug.xcconfig */,
				C4ADF5201D84106B71178689 /* Pods-casadocodigo-casadocodigoUITests.release.xcconfig */,
				DCD4475460E446CBF3533373 /* Pods-casadocodigoTests.debug.xcconfig */,
				F9129EBD87EB0CC74E09E68C /* Pods-casadocodigoTests.release.xcconfig */,
			);
			path = Pods;
			sourceTree = "<group>";
		};
/* End PBXGroup section */

/* Begin PBXNativeTarget section */
		58BF68FD2621070300A8CEBD /* casadocodigo */ = {
			isa = PBXNativeTarget;
			buildConfigurationList = 58BF69282621070500A8CEBD /* Build configuration list for PBXNativeTarget "casadocodigo" */;
			buildPhases = (
				85D5384150CD2974AB3BEE8D /* [CP] Check Pods Manifest.lock */,
				58BF68FA2621070300A8CEBD /* Sources */,
				58BF68FB2621070300A8CEBD /* Frameworks */,
				58BF68FC2621070300A8CEBD /* Resources */,
				37FCFAF27119444CB569D004 /* [CP] Embed Pods Frameworks */,
			);
			buildRules = (
			);
			dependencies = (
			);
			name = casadocodigo;
			productName = casadocodigo;
			productReference = 58BF68FE2621070300A8CEBD /* casadocodigo.app */;
			productType = "com.apple.product-type.application";
		};
		58BF69132621070500A8CEBD /* casadocodigoTests */ = {
			isa = PBXNativeTarget;
			buildConfigurationList = 58BF692B2621070500A8CEBD /* Build configuration list for PBXNativeTarget "casadocodigoTests" */;
			buildPhases = (
				58664D85A87D207D36835335 /* [CP] Check Pods Manifest.lock */,
				58BF69102621070500A8CEBD /* Sources */,
				58BF69112621070500A8CEBD /* Frameworks */,
				58BF69122621070500A8CEBD /* Resources */,
			);
			buildRules = (
			);
			dependencies = (
				58BF69162621070500A8CEBD /* PBXTargetDependency */,
			);
			name = casadocodigoTests;
			productName = casadocodigoTests;
			productReference = 58BF69142621070500A8CEBD /* casadocodigoTests.xctest */;
			productType = "com.apple.product-type.bundle.unit-test";
		};
		58BF691E2621070500A8CEBD /* casadocodigoUITests */ = {
			isa = PBXNativeTarget;
			buildConfigurationList = 58BF692E2621070500A8CEBD /* Build configuration list for PBXNativeTarget "casadocodigoUITests" */;
			buildPhases = (
				EC29FC3F350185FE64BBC2B1 /* [CP] Check Pods Manifest.lock */,
				58BF691B2621070500A8CEBD /* Sources */,
				58BF691C2621070500A8CEBD /* Frameworks */,
				58BF691D2621070500A8CEBD /* Resources */,
				B7D08B54E3CC5A6911BBF6A5 /* [CP] Embed Pods Frameworks */,
			);
			buildRules = (
			);
			dependencies = (
				58BF69212621070500A8CEBD /* PBXTargetDependency */,
			);
			name = casadocodigoUITests;
			productName = casadocodigoUITests;
			productReference = 58BF691F2621070500A8CEBD /* casadocodigoUITests.xctest */;
			productType = "com.apple.product-type.bundle.ui-testing";
		};
/* End PBXNativeTarget section */

/* Begin PBXProject section */
		58BF68F62621070300A8CEBD /* Project object */ = {
			isa = PBXProject;
			attributes = {
				LastSwiftUpdateCheck = 1240;
				LastUpgradeCheck = 1240;
				TargetAttributes = {
					58BF68FD2621070300A8CEBD = {
						CreatedOnToolsVersion = 12.4;
					};
					58BF69132621070500A8CEBD = {
						CreatedOnToolsVersion = 12.4;
						TestTargetID = 58BF68FD2621070300A8CEBD;
					};
					58BF691E2621070500A8CEBD = {
						CreatedOnToolsVersion = 12.4;
						TestTargetID = 58BF68FD2621070300A8CEBD;
					};
				};
			};
			buildConfigurationList = 58BF68F92621070300A8CEBD /* Build configuration list for PBXProject "casadocodigo" */;
			compatibilityVersion = "Xcode 9.3";
			developmentRegion = en;
			hasScannedForEncodings = 0;
			knownRegions = (
				en,
				Base,
			);
			mainGroup = 58BF68F52621070300A8CEBD;
			productRefGroup = 58BF68FF2621070300A8CEBD /* Products */;
			projectDirPath = "";
			projectRoot = "";
			targets = (
				58BF68FD2621070300A8CEBD /* casadocodigo */,
				58BF69132621070500A8CEBD /* casadocodigoTests */,
				58BF691E2621070500A8CEBD /* casadocodigoUITests */,
			);
		};
/* End PBXProject section */

/* Begin PBXResourcesBuildPhase section */
		58BF68FC2621070300A8CEBD /* Resources */ = {
			isa = PBXResourcesBuildPhase;
			buildActionMask = 2147483647;
			files = (
				58BF690E2621070500A8CEBD /* LaunchScreen.storyboard in Resources */,
				5827D81D262FE16500D20B19 /* TagsHorizontalList.xib in Resources */,
				58BF690B2621070500A8CEBD /* Assets.xcassets in Resources */,
				5827D831262FE6C600D20B19 /* TagCell.xib in Resources */,
				58BF69092621070300A8CEBD /* Main.storyboard in Resources */,
			);
			runOnlyForDeploymentPostprocessing = 0;
		};
		58BF69122621070500A8CEBD /* Resources */ = {
			isa = PBXResourcesBuildPhase;
			buildActionMask = 2147483647;
			files = (
			);
			runOnlyForDeploymentPostprocessing = 0;
		};
		58BF691D2621070500A8CEBD /* Resources */ = {
			isa = PBXResourcesBuildPhase;
			buildActionMask = 2147483647;
			files = (
			);
			runOnlyForDeploymentPostprocessing = 0;
		};
/* End PBXResourcesBuildPhase section */

/* Begin PBXShellScriptBuildPhase section */
		37FCFAF27119444CB569D004 /* [CP] Embed Pods Frameworks */ = {
			isa = PBXShellScriptBuildPhase;
			buildActionMask = 2147483647;
			files = (
			);
			inputFileListPaths = (
				"${PODS_ROOT}/Target Support Files/Pods-casadocodigo/Pods-casadocodigo-frameworks-${CONFIGURATION}-input-files.xcfilelist",
			);
			name = "[CP] Embed Pods Frameworks";
			outputFileListPaths = (
				"${PODS_ROOT}/Target Support Files/Pods-casadocodigo/Pods-casadocodigo-frameworks-${CONFIGURATION}-output-files.xcfilelist",
			);
			runOnlyForDeploymentPostprocessing = 0;
			shellPath = /bin/sh;
			shellScript = "\"${PODS_ROOT}/Target Support Files/Pods-casadocodigo/Pods-casadocodigo-frameworks.sh\"\n";
			showEnvVarsInLog = 0;
		};
		58664D85A87D207D36835335 /* [CP] Check Pods Manifest.lock */ = {
			isa = PBXShellScriptBuildPhase;
			buildActionMask = 2147483647;
			files = (
			);
			inputFileListPaths = (
			);
			inputPaths = (
				"${PODS_PODFILE_DIR_PATH}/Podfile.lock",
				"${PODS_ROOT}/Manifest.lock",
			);
			name = "[CP] Check Pods Manifest.lock";
			outputFileListPaths = (
			);
			outputPaths = (
				"$(DERIVED_FILE_DIR)/Pods-casadocodigoTests-checkManifestLockResult.txt",
			);
			runOnlyForDeploymentPostprocessing = 0;
			shellPath = /bin/sh;
			shellScript = "diff \"${PODS_PODFILE_DIR_PATH}/Podfile.lock\" \"${PODS_ROOT}/Manifest.lock\" > /dev/null\nif [ $? != 0 ] ; then\n    # print error to STDERR\n    echo \"error: The sandbox is not in sync with the Podfile.lock. Run 'pod install' or update your CocoaPods installation.\" >&2\n    exit 1\nfi\n# This output is used by Xcode 'outputs' to avoid re-running this script phase.\necho \"SUCCESS\" > \"${SCRIPT_OUTPUT_FILE_0}\"\n";
			showEnvVarsInLog = 0;
		};
		85D5384150CD2974AB3BEE8D /* [CP] Check Pods Manifest.lock */ = {
			isa = PBXShellScriptBuildPhase;
			buildActionMask = 2147483647;
			files = (
			);
			inputFileListPaths = (
			);
			inputPaths = (
				"${PODS_PODFILE_DIR_PATH}/Podfile.lock",
				"${PODS_ROOT}/Manifest.lock",
			);
			name = "[CP] Check Pods Manifest.lock";
			outputFileListPaths = (
			);
			outputPaths = (
				"$(DERIVED_FILE_DIR)/Pods-casadocodigo-checkManifestLockResult.txt",
			);
			runOnlyForDeploymentPostprocessing = 0;
			shellPath = /bin/sh;
			shellScript = "diff \"${PODS_PODFILE_DIR_PATH}/Podfile.lock\" \"${PODS_ROOT}/Manifest.lock\" > /dev/null\nif [ $? != 0 ] ; then\n    # print error to STDERR\n    echo \"error: The sandbox is not in sync with the Podfile.lock. Run 'pod install' or update your CocoaPods installation.\" >&2\n    exit 1\nfi\n# This output is used by Xcode 'outputs' to avoid re-running this script phase.\necho \"SUCCESS\" > \"${SCRIPT_OUTPUT_FILE_0}\"\n";
			showEnvVarsInLog = 0;
		};
		B7D08B54E3CC5A6911BBF6A5 /* [CP] Embed Pods Frameworks */ = {
			isa = PBXShellScriptBuildPhase;
			buildActionMask = 2147483647;
			files = (
			);
			inputFileListPaths = (
				"${PODS_ROOT}/Target Support Files/Pods-casadocodigo-casadocodigoUITests/Pods-casadocodigo-casadocodigoUITests-frameworks-${CONFIGURATION}-input-files.xcfilelist",
			);
			name = "[CP] Embed Pods Frameworks";
			outputFileListPaths = (
				"${PODS_ROOT}/Target Support Files/Pods-casadocodigo-casadocodigoUITests/Pods-casadocodigo-casadocodigoUITests-frameworks-${CONFIGURATION}-output-files.xcfilelist",
			);
			runOnlyForDeploymentPostprocessing = 0;
			shellPath = /bin/sh;
			shellScript = "\"${PODS_ROOT}/Target Support Files/Pods-casadocodigo-casadocodigoUITests/Pods-casadocodigo-casadocodigoUITests-frameworks.sh\"\n";
			showEnvVarsInLog = 0;
		};
		EC29FC3F350185FE64BBC2B1 /* [CP] Check Pods Manifest.lock */ = {
			isa = PBXShellScriptBuildPhase;
			buildActionMask = 2147483647;
			files = (
			);
			inputFileListPaths = (
			);
			inputPaths = (
				"${PODS_PODFILE_DIR_PATH}/Podfile.lock",
				"${PODS_ROOT}/Manifest.lock",
			);
			name = "[CP] Check Pods Manifest.lock";
			outputFileListPaths = (
			);
			outputPaths = (
				"$(DERIVED_FILE_DIR)/Pods-casadocodigo-casadocodigoUITests-checkManifestLockResult.txt",
			);
			runOnlyForDeploymentPostprocessing = 0;
			shellPath = /bin/sh;
			shellScript = "diff \"${PODS_PODFILE_DIR_PATH}/Podfile.lock\" \"${PODS_ROOT}/Manifest.lock\" > /dev/null\nif [ $? != 0 ] ; then\n    # print error to STDERR\n    echo \"error: The sandbox is not in sync with the Podfile.lock. Run 'pod install' or update your CocoaPods installation.\" >&2\n    exit 1\nfi\n# This output is used by Xcode 'outputs' to avoid re-running this script phase.\necho \"SUCCESS\" > \"${SCRIPT_OUTPUT_FILE_0}\"\n";
			showEnvVarsInLog = 0;
		};
/* End PBXShellScriptBuildPhase section */

/* Begin PBXSourcesBuildPhase section */
		58BF68FA2621070300A8CEBD /* Sources */ = {
			isa = PBXSourcesBuildPhase;
			buildActionMask = 2147483647;
			files = (
				582F982A2628FFAF00354D65 /* ShowcaseHeaderView.swift in Sources */,
				585D73312649997D00666078 /* Date.swift in Sources */,
				582CC81C26683CD50033F333 /* UserAuthenticationRepository.swift in Sources */,
				582D872D2685496500D70C3E /* KeyboardAvoidableView.swift in Sources */,
				582F98472629DBA900354D65 /* ShowcaseFlowLayout.swift in Sources */,
				582A05E92677F12700114506 /* NavigationBarButtonItems.swift in Sources */,
				58B1B3E3264192BD00DFA789 /* BookDetailsViewController.swift in Sources */,
				5891F817267B8CF3004F5D2C /* BaseNavbarItemsViewController.swift in Sources */,
				582CC765265825DB0033F333 /* CustomNavigationController.swift in Sources */,
				58CB457D263B612E005D19F2 /* Ids+UIView.swift in Sources */,
				58C0BEF02669309100FB0D19 /* AuthorizedViewController.swift in Sources */,
				58BF69062621070300A8CEBD /* HomeViewController.swift in Sources */,
				582F984D262A0A7600354D65 /* ActivityIndicatorView.swift in Sources */,
				5827D810262FDBD100D20B19 /* TagsHorizontalList.swift in Sources */,
				5813145B2694C3D100F12E66 /* SafeAnchors+UIView.swift in Sources */,
				58C0BEFF266AC76100FB0D19 /* Authorization+UIView.swift in Sources */,
				582F9852262A144B00354D65 /* Alert.swift in Sources */,
				582F980D2627D20200354D65 /* BookRepository.swift in Sources */,
				582AD3AD262F6F0800705D6D /* SectionTitle.swift in Sources */,
				58C0BED826684C8400FB0D19 /* User.swift in Sources */,
				582CC831266849BA0033F333 /* Authentication.swift in Sources */,
				58FA533C263772D1000390BF /* Shape+UIView.swift in Sources */,
				582F98142628A40300354D65 /* Book.swift in Sources */,
				582F9861262DD83000354D65 /* AuthorRepository.swift in Sources */,
				5827D80B262FBFC700D20B19 /* Shadow+UICollectionViewCell.swift in Sources */,
				582F9869262DDD5600354D65 /* Author.swift in Sources */,
				58BF69022621070300A8CEBD /* AppDelegate.swift in Sources */,
				585D72F226432FD300666078 /* BookFormViewController.swift in Sources */,
				58FA532C26334E44000390BF /* AuthorFormViewController.swift in Sources */,
				581314602694C4C300F12E66 /* ViewCode.swift in Sources */,
				58FAB463268F6150002F734B /* SearchFooter.swift in Sources */,
				585D7302264345B200666078 /* Border+UITextView.swift in Sources */,
				585D72E92643073200666078 /* Decimal.swift in Sources */,
				5827D829262FE6A300D20B19 /* TagCell.swift in Sources */,
				5827D806262F8D1900D20B19 /* AuthorsHeaderView.swift in Sources */,
				582CC771265BEFF40033F333 /* Theme.swift in Sources */,
				582CC80B266816B00033F333 /* SignInViewController.swift in Sources */,
				589C5BBA2621363300CE3B93 /* AuthorsViewController.swift in Sources */,
				582CC82726683D810033F333 /* UserAuthentication.swift in Sources */,
				582F981A2628AA2100354D65 /* ShowcaseBookCell.swift in Sources */,
				58CB4562263A43C8005D19F2 /* ConfirmationDialog.swift in Sources */,
				58BF69042621070300A8CEBD /* SceneDelegate.swift in Sources */,
				582AD395262F55B300705D6D /* AuthorCell.swift in Sources */,
			);
			runOnlyForDeploymentPostprocessing = 0;
		};
		58BF69102621070500A8CEBD /* Sources */ = {
			isa = PBXSourcesBuildPhase;
			buildActionMask = 2147483647;
			files = (
				58BF69192621070500A8CEBD /* casadocodigoTests.swift in Sources */,
			);
			runOnlyForDeploymentPostprocessing = 0;
		};
		58BF691B2621070500A8CEBD /* Sources */ = {
			isa = PBXSourcesBuildPhase;
			buildActionMask = 2147483647;
			files = (
				58BF69242621070500A8CEBD /* casadocodigoUITests.swift in Sources */,
			);
			runOnlyForDeploymentPostprocessing = 0;
		};
/* End PBXSourcesBuildPhase section */

/* Begin PBXTargetDependency section */
		58BF69162621070500A8CEBD /* PBXTargetDependency */ = {
			isa = PBXTargetDependency;
			target = 58BF68FD2621070300A8CEBD /* casadocodigo */;
			targetProxy = 58BF69152621070500A8CEBD /* PBXContainerItemProxy */;
		};
		58BF69212621070500A8CEBD /* PBXTargetDependency */ = {
			isa = PBXTargetDependency;
			target = 58BF68FD2621070300A8CEBD /* casadocodigo */;
			targetProxy = 58BF69202621070500A8CEBD /* PBXContainerItemProxy */;
		};
/* End PBXTargetDependency section */

/* Begin PBXVariantGroup section */
		58BF69072621070300A8CEBD /* Main.storyboard */ = {
			isa = PBXVariantGroup;
			children = (
				58BF69082621070300A8CEBD /* Base */,
			);
			name = Main.storyboard;
			sourceTree = "<group>";
		};
		58BF690C2621070500A8CEBD /* LaunchScreen.storyboard */ = {
			isa = PBXVariantGroup;
			children = (
				58BF690D2621070500A8CEBD /* Base */,
			);
			name = LaunchScreen.storyboard;
			sourceTree = "<group>";
		};
/* End PBXVariantGroup section */

/* Begin XCBuildConfiguration section */
		58BF69262621070500A8CEBD /* Debug */ = {
			isa = XCBuildConfiguration;
			buildSettings = {
				ALWAYS_SEARCH_USER_PATHS = NO;
				CLANG_ANALYZER_NONNULL = YES;
				CLANG_ANALYZER_NUMBER_OBJECT_CONVERSION = YES_AGGRESSIVE;
				CLANG_CXX_LANGUAGE_STANDARD = "gnu++14";
				CLANG_CXX_LIBRARY = "libc++";
				CLANG_ENABLE_MODULES = YES;
				CLANG_ENABLE_OBJC_ARC = YES;
				CLANG_ENABLE_OBJC_WEAK = YES;
				CLANG_WARN_BLOCK_CAPTURE_AUTORELEASING = YES;
				CLANG_WARN_BOOL_CONVERSION = YES;
				CLANG_WARN_COMMA = YES;
				CLANG_WARN_CONSTANT_CONVERSION = YES;
				CLANG_WARN_DEPRECATED_OBJC_IMPLEMENTATIONS = YES;
				CLANG_WARN_DIRECT_OBJC_ISA_USAGE = YES_ERROR;
				CLANG_WARN_DOCUMENTATION_COMMENTS = YES;
				CLANG_WARN_EMPTY_BODY = YES;
				CLANG_WARN_ENUM_CONVERSION = YES;
				CLANG_WARN_INFINITE_RECURSION = YES;
				CLANG_WARN_INT_CONVERSION = YES;
				CLANG_WARN_NON_LITERAL_NULL_CONVERSION = YES;
				CLANG_WARN_OBJC_IMPLICIT_RETAIN_SELF = YES;
				CLANG_WARN_OBJC_LITERAL_CONVERSION = YES;
				CLANG_WARN_OBJC_ROOT_CLASS = YES_ERROR;
				CLANG_WARN_QUOTED_INCLUDE_IN_FRAMEWORK_HEADER = YES;
				CLANG_WARN_RANGE_LOOP_ANALYSIS = YES;
				CLANG_WARN_STRICT_PROTOTYPES = YES;
				CLANG_WARN_SUSPICIOUS_MOVE = YES;
				CLANG_WARN_UNGUARDED_AVAILABILITY = YES_AGGRESSIVE;
				CLANG_WARN_UNREACHABLE_CODE = YES;
				CLANG_WARN__DUPLICATE_METHOD_MATCH = YES;
				COPY_PHASE_STRIP = NO;
				DEBUG_INFORMATION_FORMAT = dwarf;
				ENABLE_STRICT_OBJC_MSGSEND = YES;
				ENABLE_TESTABILITY = YES;
				GCC_C_LANGUAGE_STANDARD = gnu11;
				GCC_DYNAMIC_NO_PIC = NO;
				GCC_NO_COMMON_BLOCKS = YES;
				GCC_OPTIMIZATION_LEVEL = 0;
				GCC_PREPROCESSOR_DEFINITIONS = (
					"DEBUG=1",
					"$(inherited)",
				);
				GCC_WARN_64_TO_32_BIT_CONVERSION = YES;
				GCC_WARN_ABOUT_RETURN_TYPE = YES_ERROR;
				GCC_WARN_UNDECLARED_SELECTOR = YES;
				GCC_WARN_UNINITIALIZED_AUTOS = YES_AGGRESSIVE;
				GCC_WARN_UNUSED_FUNCTION = YES;
				GCC_WARN_UNUSED_VARIABLE = YES;
				IPHONEOS_DEPLOYMENT_TARGET = 14.4;
				MTL_ENABLE_DEBUG_INFO = INCLUDE_SOURCE;
				MTL_FAST_MATH = YES;
				ONLY_ACTIVE_ARCH = YES;
				SDKROOT = iphoneos;
				SWIFT_ACTIVE_COMPILATION_CONDITIONS = DEBUG;
				SWIFT_OPTIMIZATION_LEVEL = "-Onone";
			};
			name = Debug;
		};
		58BF69272621070500A8CEBD /* Release */ = {
			isa = XCBuildConfiguration;
			buildSettings = {
				ALWAYS_SEARCH_USER_PATHS = NO;
				CLANG_ANALYZER_NONNULL = YES;
				CLANG_ANALYZER_NUMBER_OBJECT_CONVERSION = YES_AGGRESSIVE;
				CLANG_CXX_LANGUAGE_STANDARD = "gnu++14";
				CLANG_CXX_LIBRARY = "libc++";
				CLANG_ENABLE_MODULES = YES;
				CLANG_ENABLE_OBJC_ARC = YES;
				CLANG_ENABLE_OBJC_WEAK = YES;
				CLANG_WARN_BLOCK_CAPTURE_AUTORELEASING = YES;
				CLANG_WARN_BOOL_CONVERSION = YES;
				CLANG_WARN_COMMA = YES;
				CLANG_WARN_CONSTANT_CONVERSION = YES;
				CLANG_WARN_DEPRECATED_OBJC_IMPLEMENTATIONS = YES;
				CLANG_WARN_DIRECT_OBJC_ISA_USAGE = YES_ERROR;
				CLANG_WARN_DOCUMENTATION_COMMENTS = YES;
				CLANG_WARN_EMPTY_BODY = YES;
				CLANG_WARN_ENUM_CONVERSION = YES;
				CLANG_WARN_INFINITE_RECURSION = YES;
				CLANG_WARN_INT_CONVERSION = YES;
				CLANG_WARN_NON_LITERAL_NULL_CONVERSION = YES;
				CLANG_WARN_OBJC_IMPLICIT_RETAIN_SELF = YES;
				CLANG_WARN_OBJC_LITERAL_CONVERSION = YES;
				CLANG_WARN_OBJC_ROOT_CLASS = YES_ERROR;
				CLANG_WARN_QUOTED_INCLUDE_IN_FRAMEWORK_HEADER = YES;
				CLANG_WARN_RANGE_LOOP_ANALYSIS = YES;
				CLANG_WARN_STRICT_PROTOTYPES = YES;
				CLANG_WARN_SUSPICIOUS_MOVE = YES;
				CLANG_WARN_UNGUARDED_AVAILABILITY = YES_AGGRESSIVE;
				CLANG_WARN_UNREACHABLE_CODE = YES;
				CLANG_WARN__DUPLICATE_METHOD_MATCH = YES;
				COPY_PHASE_STRIP = NO;
				DEBUG_INFORMATION_FORMAT = "dwarf-with-dsym";
				ENABLE_NS_ASSERTIONS = NO;
				ENABLE_STRICT_OBJC_MSGSEND = YES;
				GCC_C_LANGUAGE_STANDARD = gnu11;
				GCC_NO_COMMON_BLOCKS = YES;
				GCC_WARN_64_TO_32_BIT_CONVERSION = YES;
				GCC_WARN_ABOUT_RETURN_TYPE = YES_ERROR;
				GCC_WARN_UNDECLARED_SELECTOR = YES;
				GCC_WARN_UNINITIALIZED_AUTOS = YES_AGGRESSIVE;
				GCC_WARN_UNUSED_FUNCTION = YES;
				GCC_WARN_UNUSED_VARIABLE = YES;
				IPHONEOS_DEPLOYMENT_TARGET = 14.4;
				MTL_ENABLE_DEBUG_INFO = NO;
				MTL_FAST_MATH = YES;
				SDKROOT = iphoneos;
				SWIFT_COMPILATION_MODE = wholemodule;
				SWIFT_OPTIMIZATION_LEVEL = "-O";
				VALIDATE_PRODUCT = YES;
			};
			name = Release;
		};
		58BF69292621070500A8CEBD /* Debug */ = {
			isa = XCBuildConfiguration;
			baseConfigurationReference = 7A66D89A8354D0697252F58D /* Pods-casadocodigo.debug.xcconfig */;
			buildSettings = {
				ASSETCATALOG_COMPILER_APPICON_NAME = AppIcon;
				ASSETCATALOG_COMPILER_GLOBAL_ACCENT_COLOR_NAME = AccentColor;
				CODE_SIGN_STYLE = Automatic;
				DEVELOPMENT_TEAM = CP42424Z9Z;
				INFOPLIST_FILE = casadocodigo/Info.plist;
				IPHONEOS_DEPLOYMENT_TARGET = 13.2;
				LD_RUNPATH_SEARCH_PATHS = (
					"$(inherited)",
					"@executable_path/Frameworks",
				);
				PRODUCT_BUNDLE_IDENTIFIER = br.com.rollo.rafael.casadocodigo;
				PRODUCT_NAME = "$(TARGET_NAME)";
				SWIFT_VERSION = 5.0;
				TARGETED_DEVICE_FAMILY = "1,2";
			};
			name = Debug;
		};
		58BF692A2621070500A8CEBD /* Release */ = {
			isa = XCBuildConfiguration;
			baseConfigurationReference = BE5E43B8B2974DC1DB4080E8 /* Pods-casadocodigo.release.xcconfig */;
			buildSettings = {
				ASSETCATALOG_COMPILER_APPICON_NAME = AppIcon;
				ASSETCATALOG_COMPILER_GLOBAL_ACCENT_COLOR_NAME = AccentColor;
				CODE_SIGN_STYLE = Automatic;
				DEVELOPMENT_TEAM = CP42424Z9Z;
				INFOPLIST_FILE = casadocodigo/Info.plist;
				IPHONEOS_DEPLOYMENT_TARGET = 13.2;
				LD_RUNPATH_SEARCH_PATHS = (
					"$(inherited)",
					"@executable_path/Frameworks",
				);
				PRODUCT_BUNDLE_IDENTIFIER = br.com.rollo.rafael.casadocodigo;
				PRODUCT_NAME = "$(TARGET_NAME)";
				SWIFT_VERSION = 5.0;
				TARGETED_DEVICE_FAMILY = "1,2";
			};
			name = Release;
		};
		58BF692C2621070500A8CEBD /* Debug */ = {
			isa = XCBuildConfiguration;
			baseConfigurationReference = DCD4475460E446CBF3533373 /* Pods-casadocodigoTests.debug.xcconfig */;
			buildSettings = {
				ALWAYS_EMBED_SWIFT_STANDARD_LIBRARIES = YES;
				BUNDLE_LOADER = "$(TEST_HOST)";
				CODE_SIGN_STYLE = Automatic;
				INFOPLIST_FILE = casadocodigoTests/Info.plist;
				IPHONEOS_DEPLOYMENT_TARGET = 14.4;
				LD_RUNPATH_SEARCH_PATHS = (
					"$(inherited)",
					"@executable_path/Frameworks",
					"@loader_path/Frameworks",
				);
				PRODUCT_BUNDLE_IDENTIFIER = br.com.rollo.rafael.casadocodigoTests;
				PRODUCT_NAME = "$(TARGET_NAME)";
				SWIFT_VERSION = 5.0;
				TARGETED_DEVICE_FAMILY = "1,2";
				TEST_HOST = "$(BUILT_PRODUCTS_DIR)/casadocodigo.app/casadocodigo";
			};
			name = Debug;
		};
		58BF692D2621070500A8CEBD /* Release */ = {
			isa = XCBuildConfiguration;
			baseConfigurationReference = F9129EBD87EB0CC74E09E68C /* Pods-casadocodigoTests.release.xcconfig */;
			buildSettings = {
				ALWAYS_EMBED_SWIFT_STANDARD_LIBRARIES = YES;
				BUNDLE_LOADER = "$(TEST_HOST)";
				CODE_SIGN_STYLE = Automatic;
				INFOPLIST_FILE = casadocodigoTests/Info.plist;
				IPHONEOS_DEPLOYMENT_TARGET = 14.4;
				LD_RUNPATH_SEARCH_PATHS = (
					"$(inherited)",
					"@executable_path/Frameworks",
					"@loader_path/Frameworks",
				);
				PRODUCT_BUNDLE_IDENTIFIER = br.com.rollo.rafael.casadocodigoTests;
				PRODUCT_NAME = "$(TARGET_NAME)";
				SWIFT_VERSION = 5.0;
				TARGETED_DEVICE_FAMILY = "1,2";
				TEST_HOST = "$(BUILT_PRODUCTS_DIR)/casadocodigo.app/casadocodigo";
			};
			name = Release;
		};
		58BF692F2621070500A8CEBD /* Debug */ = {
			isa = XCBuildConfiguration;
			baseConfigurationReference = 526025A48484750F3D26EDDD /* Pods-casadocodigo-casadocodigoUITests.debug.xcconfig */;
			buildSettings = {
				ALWAYS_EMBED_SWIFT_STANDARD_LIBRARIES = YES;
				CODE_SIGN_STYLE = Automatic;
				INFOPLIST_FILE = casadocodigoUITests/Info.plist;
				LD_RUNPATH_SEARCH_PATHS = (
					"$(inherited)",
					"@executable_path/Frameworks",
					"@loader_path/Frameworks",
				);
				PRODUCT_BUNDLE_IDENTIFIER = br.com.rollo.rafael.casadocodigoUITests;
				PRODUCT_NAME = "$(TARGET_NAME)";
				SWIFT_VERSION = 5.0;
				TARGETED_DEVICE_FAMILY = "1,2";
				TEST_TARGET_NAME = casadocodigo;
			};
			name = Debug;
		};
		58BF69302621070500A8CEBD /* Release */ = {
			isa = XCBuildConfiguration;
			baseConfigurationReference = C4ADF5201D84106B71178689 /* Pods-casadocodigo-casadocodigoUITests.release.xcconfig */;
			buildSettings = {
				ALWAYS_EMBED_SWIFT_STANDARD_LIBRARIES = YES;
				CODE_SIGN_STYLE = Automatic;
				INFOPLIST_FILE = casadocodigoUITests/Info.plist;
				LD_RUNPATH_SEARCH_PATHS = (
					"$(inherited)",
					"@executable_path/Frameworks",
					"@loader_path/Frameworks",
				);
				PRODUCT_BUNDLE_IDENTIFIER = br.com.rollo.rafael.casadocodigoUITests;
				PRODUCT_NAME = "$(TARGET_NAME)";
				SWIFT_VERSION = 5.0;
				TARGETED_DEVICE_FAMILY = "1,2";
				TEST_TARGET_NAME = casadocodigo;
			};
			name = Release;
		};
/* End XCBuildConfiguration section */

/* Begin XCConfigurationList section */
		58BF68F92621070300A8CEBD /* Build configuration list for PBXProject "casadocodigo" */ = {
			isa = XCConfigurationList;
			buildConfigurations = (
				58BF69262621070500A8CEBD /* Debug */,
				58BF69272621070500A8CEBD /* Release */,
			);
			defaultConfigurationIsVisible = 0;
			defaultConfigurationName = Release;
		};
		58BF69282621070500A8CEBD /* Build configuration list for PBXNativeTarget "casadocodigo" */ = {
			isa = XCConfigurationList;
			buildConfigurations = (
				58BF69292621070500A8CEBD /* Debug */,
				58BF692A2621070500A8CEBD /* Release */,
			);
			defaultConfigurationIsVisible = 0;
			defaultConfigurationName = Release;
		};
		58BF692B2621070500A8CEBD /* Build configuration list for PBXNativeTarget "casadocodigoTests" */ = {
			isa = XCConfigurationList;
			buildConfigurations = (
				58BF692C2621070500A8CEBD /* Debug */,
				58BF692D2621070500A8CEBD /* Release */,
			);
			defaultConfigurationIsVisible = 0;
			defaultConfigurationName = Release;
		};
		58BF692E2621070500A8CEBD /* Build configuration list for PBXNativeTarget "casadocodigoUITests" */ = {
			isa = XCConfigurationList;
			buildConfigurations = (
				58BF692F2621070500A8CEBD /* Debug */,
				58BF69302621070500A8CEBD /* Release */,
			);
			defaultConfigurationIsVisible = 0;
			defaultConfigurationName = Release;
		};
/* End XCConfigurationList section */
	};
	rootObject = 58BF68F62621070300A8CEBD /* Project object */;
}
